// !$*UTF8*$!
{
	archiveVersion = 1;
	classes = {
	};
	objectVersion = 53;
	objects = {

/* Begin PBXBuildFile section */
		9A09F18A254077BC003FB796 /* SignalStrengthIndicator.swift in Sources */ = {isa = PBXBuildFile; fileRef = 9A09F189254077BC003FB796 /* SignalStrengthIndicator.swift */; };
		9A1169CD23F2FCD900E447E4 /* Main.storyboard in Resources */ = {isa = PBXBuildFile; fileRef = 9A1169CC23F2FCD900E447E4 /* Main.storyboard */; };
		9A34303C255036EF00AF393C /* Futura.ttc in Resources */ = {isa = PBXBuildFile; fileRef = 9A34303B255036EF00AF393C /* Futura.ttc */; };
		9A34303D255036EF00AF393C /* Futura.ttc in Resources */ = {isa = PBXBuildFile; fileRef = 9A34303B255036EF00AF393C /* Futura.ttc */; };
		9A34303E255036EF00AF393C /* Futura.ttc in Resources */ = {isa = PBXBuildFile; fileRef = 9A34303B255036EF00AF393C /* Futura.ttc */; };
		9A731665240FAC01007E7323 /* ExternalAccessory.framework in Frameworks */ = {isa = PBXBuildFile; fileRef = 9A731664240FAC01007E7323 /* ExternalAccessory.framework */; };
		9A731667240FAC45007E7323 /* CoreBluetooth.framework in Frameworks */ = {isa = PBXBuildFile; fileRef = 9A731666240FAC45007E7323 /* CoreBluetooth.framework */; };
		9A78E5EF2552B2FE004C0920 /* ELS_Mail_Screen.swift in Sources */ = {isa = PBXBuildFile; fileRef = 9A78E5EE2552B2FE004C0920 /* ELS_Mail_Screen.swift */; };
		9A798454254C0AE500224DAC /* ELS_Device.swift in Sources */ = {isa = PBXBuildFile; fileRef = 9A798453254C0AE500224DAC /* ELS_Device.swift */; };
		9A7D3CF223ED6C1E00CB27F1 /* AppDelegate.swift in Sources */ = {isa = PBXBuildFile; fileRef = 9A7D3CF123ED6C1E00CB27F1 /* AppDelegate.swift */; };
		9A7D3CF423ED6C1E00CB27F1 /* SceneDelegate.swift in Sources */ = {isa = PBXBuildFile; fileRef = 9A7D3CF323ED6C1E00CB27F1 /* SceneDelegate.swift */; };
		9A7D3CF623ED6C1E00CB27F1 /* ELS_Scanning_screen.swift in Sources */ = {isa = PBXBuildFile; fileRef = 9A7D3CF523ED6C1E00CB27F1 /* ELS_Scanning_screen.swift */; };
		9A7D3CFC23ED6C1E00CB27F1 /* ELS_Scanner.xcdatamodeld in Sources */ = {isa = PBXBuildFile; fileRef = 9A7D3CFA23ED6C1E00CB27F1 /* ELS_Scanner.xcdatamodeld */; };
		9A7D3CFE23ED6C1E00CB27F1 /* Assets.xcassets in Resources */ = {isa = PBXBuildFile; fileRef = 9A7D3CFD23ED6C1E00CB27F1 /* Assets.xcassets */; };
		9A7D3D0123ED6C1E00CB27F1 /* LaunchScreen.storyboard in Resources */ = {isa = PBXBuildFile; fileRef = 9A7D3CFF23ED6C1E00CB27F1 /* LaunchScreen.storyboard */; };
		9A7D3D0C23ED6C1E00CB27F1 /* ELS_ScannerTests.swift in Sources */ = {isa = PBXBuildFile; fileRef = 9A7D3D0B23ED6C1E00CB27F1 /* ELS_ScannerTests.swift */; };
		9A7D3D1723ED6C1E00CB27F1 /* ELS_ScannerUITests.swift in Sources */ = {isa = PBXBuildFile; fileRef = 9A7D3D1623ED6C1E00CB27F1 /* ELS_ScannerUITests.swift */; };
		9A906A4E2553F2C900106DC2 /* impact.ttf in Resources */ = {isa = PBXBuildFile; fileRef = 9A906A4D2553F2C900106DC2 /* impact.ttf */; };
		9AA304FA240FC02E00408B25 /* ELS_ItemCell.swift in Sources */ = {isa = PBXBuildFile; fileRef = 9AA304F9240FC02E00408B25 /* ELS_ItemCell.swift */; };
/* End PBXBuildFile section */

/* Begin PBXContainerItemProxy section */
		9A7D3D0823ED6C1E00CB27F1 /* PBXContainerItemProxy */ = {
			isa = PBXContainerItemProxy;
			containerPortal = 9A7D3CE623ED6C1E00CB27F1 /* Project object */;
			proxyType = 1;
			remoteGlobalIDString = 9A7D3CED23ED6C1E00CB27F1;
			remoteInfo = "ELS-Scanner";
		};
		9A7D3D1323ED6C1E00CB27F1 /* PBXContainerItemProxy */ = {
			isa = PBXContainerItemProxy;
			containerPortal = 9A7D3CE623ED6C1E00CB27F1 /* Project object */;
			proxyType = 1;
			remoteGlobalIDString = 9A7D3CED23ED6C1E00CB27F1;
			remoteInfo = "ELS-Scanner";
		};
/* End PBXContainerItemProxy section */

/* Begin PBXFileReference section */
		9A09F189254077BC003FB796 /* SignalStrengthIndicator.swift */ = {isa = PBXFileReference; lastKnownFileType = sourcecode.swift; path = SignalStrengthIndicator.swift; sourceTree = "<group>"; };
		9A09F1A9254089FB003FB796 /* ELS-Scanner.entitlements */ = {isa = PBXFileReference; lastKnownFileType = text.plist.entitlements; path = "ELS-Scanner.entitlements"; sourceTree = "<group>"; };
		9A1169CC23F2FCD900E447E4 /* Main.storyboard */ = {isa = PBXFileReference; lastKnownFileType = file.storyboard; path = Main.storyboard; sourceTree = "<group>"; };
		9A34303B255036EF00AF393C /* Futura.ttc */ = {isa = PBXFileReference; lastKnownFileType = file; path = Futura.ttc; sourceTree = "<group>"; };
		9A53BF7C2874140F002BDFFD /* ELS-ScannerDebug.entitlements */ = {isa = PBXFileReference; fileEncoding = 4; lastKnownFileType = text.plist.entitlements; path = "ELS-ScannerDebug.entitlements"; sourceTree = "<group>"; };
		9A731664240FAC01007E7323 /* ExternalAccessory.framework */ = {isa = PBXFileReference; lastKnownFileType = wrapper.framework; name = ExternalAccessory.framework; path = System/Library/Frameworks/ExternalAccessory.framework; sourceTree = SDKROOT; };
		9A731666240FAC45007E7323 /* CoreBluetooth.framework */ = {isa = PBXFileReference; lastKnownFileType = wrapper.framework; name = CoreBluetooth.framework; path = System/Library/Frameworks/CoreBluetooth.framework; sourceTree = SDKROOT; };
		9A73166B240FB004007E7323 /* CoreLocation.framework */ = {isa = PBXFileReference; lastKnownFileType = wrapper.framework; name = CoreLocation.framework; path = System/Library/Frameworks/CoreLocation.framework; sourceTree = SDKROOT; };
		9A78E5EE2552B2FE004C0920 /* ELS_Mail_Screen.swift */ = {isa = PBXFileReference; lastKnownFileType = sourcecode.swift; path = ELS_Mail_Screen.swift; sourceTree = "<group>"; };
		9A798453254C0AE500224DAC /* ELS_Device.swift */ = {isa = PBXFileReference; lastKnownFileType = sourcecode.swift; path = ELS_Device.swift; sourceTree = "<group>"; };
		9A7D3CEE23ED6C1E00CB27F1 /* ELS-Scanner.app */ = {isa = PBXFileReference; explicitFileType = wrapper.application; includeInIndex = 0; path = "ELS-Scanner.app"; sourceTree = BUILT_PRODUCTS_DIR; };
		9A7D3CF123ED6C1E00CB27F1 /* AppDelegate.swift */ = {isa = PBXFileReference; lastKnownFileType = sourcecode.swift; path = AppDelegate.swift; sourceTree = "<group>"; };
		9A7D3CF323ED6C1E00CB27F1 /* SceneDelegate.swift */ = {isa = PBXFileReference; lastKnownFileType = sourcecode.swift; path = SceneDelegate.swift; sourceTree = "<group>"; };
		9A7D3CF523ED6C1E00CB27F1 /* ELS_Scanning_screen.swift */ = {isa = PBXFileReference; lastKnownFileType = sourcecode.swift; path = ELS_Scanning_screen.swift; sourceTree = "<group>"; };
		9A7D3CFB23ED6C1E00CB27F1 /* ELS_Scanner.xcdatamodel */ = {isa = PBXFileReference; lastKnownFileType = wrapper.xcdatamodel; path = ELS_Scanner.xcdatamodel; sourceTree = "<group>"; };
		9A7D3CFD23ED6C1E00CB27F1 /* Assets.xcassets */ = {isa = PBXFileReference; lastKnownFileType = folder.assetcatalog; path = Assets.xcassets; sourceTree = "<group>"; };
		9A7D3D0023ED6C1E00CB27F1 /* Base */ = {isa = PBXFileReference; lastKnownFileType = file.storyboard; name = Base; path = Base.lproj/LaunchScreen.storyboard; sourceTree = "<group>"; };
		9A7D3D0223ED6C1E00CB27F1 /* Info.plist */ = {isa = PBXFileReference; lastKnownFileType = text.plist.xml; path = Info.plist; sourceTree = "<group>"; };
		9A7D3D0723ED6C1E00CB27F1 /* ELS-ScannerTests.xctest */ = {isa = PBXFileReference; explicitFileType = wrapper.cfbundle; includeInIndex = 0; path = "ELS-ScannerTests.xctest"; sourceTree = BUILT_PRODUCTS_DIR; };
		9A7D3D0B23ED6C1E00CB27F1 /* ELS_ScannerTests.swift */ = {isa = PBXFileReference; lastKnownFileType = sourcecode.swift; path = ELS_ScannerTests.swift; sourceTree = "<group>"; };
		9A7D3D0D23ED6C1E00CB27F1 /* Info.plist */ = {isa = PBXFileReference; lastKnownFileType = text.plist.xml; path = Info.plist; sourceTree = "<group>"; };
		9A7D3D1223ED6C1E00CB27F1 /* ELS-ScannerUITests.xctest */ = {isa = PBXFileReference; explicitFileType = wrapper.cfbundle; includeInIndex = 0; path = "ELS-ScannerUITests.xctest"; sourceTree = BUILT_PRODUCTS_DIR; };
		9A7D3D1623ED6C1E00CB27F1 /* ELS_ScannerUITests.swift */ = {isa = PBXFileReference; lastKnownFileType = sourcecode.swift; path = ELS_ScannerUITests.swift; sourceTree = "<group>"; };
		9A7D3D1823ED6C1E00CB27F1 /* Info.plist */ = {isa = PBXFileReference; lastKnownFileType = text.plist.xml; path = Info.plist; sourceTree = "<group>"; };
		9A906A4D2553F2C900106DC2 /* impact.ttf */ = {isa = PBXFileReference; lastKnownFileType = file; path = impact.ttf; sourceTree = "<group>"; };
		9AA304F9240FC02E00408B25 /* ELS_ItemCell.swift */ = {isa = PBXFileReference; lastKnownFileType = sourcecode.swift; path = ELS_ItemCell.swift; sourceTree = "<group>"; };
/* End PBXFileReference section */

/* Begin PBXFrameworksBuildPhase section */
		9A7D3CEB23ED6C1E00CB27F1 /* Frameworks */ = {
			isa = PBXFrameworksBuildPhase;
			buildActionMask = 2147483647;
			files = (
				9A731667240FAC45007E7323 /* CoreBluetooth.framework in Frameworks */,
				9A731665240FAC01007E7323 /* ExternalAccessory.framework in Frameworks */,
			);
			runOnlyForDeploymentPostprocessing = 0;
		};
		9A7D3D0423ED6C1E00CB27F1 /* Frameworks */ = {
			isa = PBXFrameworksBuildPhase;
			buildActionMask = 2147483647;
			files = (
			);
			runOnlyForDeploymentPostprocessing = 0;
		};
		9A7D3D0F23ED6C1E00CB27F1 /* Frameworks */ = {
			isa = PBXFrameworksBuildPhase;
			buildActionMask = 2147483647;
			files = (
			);
			runOnlyForDeploymentPostprocessing = 0;
		};
/* End PBXFrameworksBuildPhase section */

/* Begin PBXGroup section */
		9A731663240FAC01007E7323 /* Frameworks */ = {
			isa = PBXGroup;
			children = (
				9A906A4D2553F2C900106DC2 /* impact.ttf */,
				9A34303B255036EF00AF393C /* Futura.ttc */,
				9A73166B240FB004007E7323 /* CoreLocation.framework */,
				9A731666240FAC45007E7323 /* CoreBluetooth.framework */,
				9A731664240FAC01007E7323 /* ExternalAccessory.framework */,
			);
			name = Frameworks;
			sourceTree = "<group>";
		};
		9A7D3CE523ED6C1E00CB27F1 = {
			isa = PBXGroup;
			children = (
				9A7D3CF023ED6C1E00CB27F1 /* ELS-Scanner */,
				9A7D3D0A23ED6C1E00CB27F1 /* ELS-ScannerTests */,
				9A7D3D1523ED6C1E00CB27F1 /* ELS-ScannerUITests */,
				9A7D3CEF23ED6C1E00CB27F1 /* Products */,
				9A731663240FAC01007E7323 /* Frameworks */,
			);
			sourceTree = "<group>";
		};
		9A7D3CEF23ED6C1E00CB27F1 /* Products */ = {
			isa = PBXGroup;
			children = (
				9A7D3CEE23ED6C1E00CB27F1 /* ELS-Scanner.app */,
				9A7D3D0723ED6C1E00CB27F1 /* ELS-ScannerTests.xctest */,
				9A7D3D1223ED6C1E00CB27F1 /* ELS-ScannerUITests.xctest */,
			);
			name = Products;
			sourceTree = "<group>";
		};
		9A7D3CF023ED6C1E00CB27F1 /* ELS-Scanner */ = {
			isa = PBXGroup;
			children = (
				9A53BF7C2874140F002BDFFD /* ELS-ScannerDebug.entitlements */,
				9A09F1A9254089FB003FB796 /* ELS-Scanner.entitlements */,
				9AA304F8240FBFF500408B25 /* classes */,
				9A7D3CF123ED6C1E00CB27F1 /* AppDelegate.swift */,
				9A7D3CF323ED6C1E00CB27F1 /* SceneDelegate.swift */,
				9A7D3CF523ED6C1E00CB27F1 /* ELS_Scanning_screen.swift */,
				9A78E5EE2552B2FE004C0920 /* ELS_Mail_Screen.swift */,
				9A1169CC23F2FCD900E447E4 /* Main.storyboard */,
				9A7D3CFD23ED6C1E00CB27F1 /* Assets.xcassets */,
				9A7D3CFF23ED6C1E00CB27F1 /* LaunchScreen.storyboard */,
				9A7D3D0223ED6C1E00CB27F1 /* Info.plist */,
				9A7D3CFA23ED6C1E00CB27F1 /* ELS_Scanner.xcdatamodeld */,
			);
			path = "ELS-Scanner";
			sourceTree = "<group>";
		};
		9A7D3D0A23ED6C1E00CB27F1 /* ELS-ScannerTests */ = {
			isa = PBXGroup;
			children = (
				9A7D3D0B23ED6C1E00CB27F1 /* ELS_ScannerTests.swift */,
				9A7D3D0D23ED6C1E00CB27F1 /* Info.plist */,
			);
			path = "ELS-ScannerTests";
			sourceTree = "<group>";
		};
		9A7D3D1523ED6C1E00CB27F1 /* ELS-ScannerUITests */ = {
			isa = PBXGroup;
			children = (
				9A7D3D1623ED6C1E00CB27F1 /* ELS_ScannerUITests.swift */,
				9A7D3D1823ED6C1E00CB27F1 /* Info.plist */,
			);
			path = "ELS-ScannerUITests";
			sourceTree = "<group>";
		};
		9AA304F8240FBFF500408B25 /* classes */ = {
			isa = PBXGroup;
			children = (
				9AA304F9240FC02E00408B25 /* ELS_ItemCell.swift */,
				9A09F189254077BC003FB796 /* SignalStrengthIndicator.swift */,
				9A798453254C0AE500224DAC /* ELS_Device.swift */,
			);
			path = classes;
			sourceTree = "<group>";
		};
/* End PBXGroup section */

/* Begin PBXNativeTarget section */
		9A7D3CED23ED6C1E00CB27F1 /* ELS-Scanner */ = {
			isa = PBXNativeTarget;
			buildConfigurationList = 9A7D3D1B23ED6C1E00CB27F1 /* Build configuration list for PBXNativeTarget "ELS-Scanner" */;
			buildPhases = (
				9A7D3CEA23ED6C1E00CB27F1 /* Sources */,
				9A7D3CEB23ED6C1E00CB27F1 /* Frameworks */,
				9A7D3CEC23ED6C1E00CB27F1 /* Resources */,
			);
			buildRules = (
			);
			dependencies = (
			);
			name = "ELS-Scanner";
			productName = "ELS-Scanner";
			productReference = 9A7D3CEE23ED6C1E00CB27F1 /* ELS-Scanner.app */;
			productType = "com.apple.product-type.application";
		};
		9A7D3D0623ED6C1E00CB27F1 /* ELS-ScannerTests */ = {
			isa = PBXNativeTarget;
			buildConfigurationList = 9A7D3D1E23ED6C1E00CB27F1 /* Build configuration list for PBXNativeTarget "ELS-ScannerTests" */;
			buildPhases = (
				9A7D3D0323ED6C1E00CB27F1 /* Sources */,
				9A7D3D0423ED6C1E00CB27F1 /* Frameworks */,
				9A7D3D0523ED6C1E00CB27F1 /* Resources */,
			);
			buildRules = (
			);
			dependencies = (
				9A7D3D0923ED6C1E00CB27F1 /* PBXTargetDependency */,
			);
			name = "ELS-ScannerTests";
			productName = "ELS-ScannerTests";
			productReference = 9A7D3D0723ED6C1E00CB27F1 /* ELS-ScannerTests.xctest */;
			productType = "com.apple.product-type.bundle.unit-test";
		};
		9A7D3D1123ED6C1E00CB27F1 /* ELS-ScannerUITests */ = {
			isa = PBXNativeTarget;
			buildConfigurationList = 9A7D3D2123ED6C1E00CB27F1 /* Build configuration list for PBXNativeTarget "ELS-ScannerUITests" */;
			buildPhases = (
				9A7D3D0E23ED6C1E00CB27F1 /* Sources */,
				9A7D3D0F23ED6C1E00CB27F1 /* Frameworks */,
				9A7D3D1023ED6C1E00CB27F1 /* Resources */,
			);
			buildRules = (
			);
			dependencies = (
				9A7D3D1423ED6C1E00CB27F1 /* PBXTargetDependency */,
			);
			name = "ELS-ScannerUITests";
			productName = "ELS-ScannerUITests";
			productReference = 9A7D3D1223ED6C1E00CB27F1 /* ELS-ScannerUITests.xctest */;
			productType = "com.apple.product-type.bundle.ui-testing";
		};
/* End PBXNativeTarget section */

/* Begin PBXProject section */
		9A7D3CE623ED6C1E00CB27F1 /* Project object */ = {
			isa = PBXProject;
			attributes = {
				BuildIndependentTargetsInParallel = YES;
				LastSwiftUpdateCheck = 1130;
				LastUpgradeCheck = 1210;
				ORGANIZATIONNAME = "Voltensee GmbH";
				TargetAttributes = {
					9A7D3CED23ED6C1E00CB27F1 = {
						CreatedOnToolsVersion = 11.3.1;
					};
					9A7D3D0623ED6C1E00CB27F1 = {
						CreatedOnToolsVersion = 11.3.1;
						TestTargetID = 9A7D3CED23ED6C1E00CB27F1;
					};
					9A7D3D1123ED6C1E00CB27F1 = {
						CreatedOnToolsVersion = 11.3.1;
						TestTargetID = 9A7D3CED23ED6C1E00CB27F1;
					};
				};
			};
			buildConfigurationList = 9A7D3CE923ED6C1E00CB27F1 /* Build configuration list for PBXProject "ELS-Scanner_Baoli" */;
			compatibilityVersion = "Xcode 10.0";
			developmentRegion = en;
			hasScannedForEncodings = 0;
			knownRegions = (
				en,
				Base,
			);
			mainGroup = 9A7D3CE523ED6C1E00CB27F1;
			productRefGroup = 9A7D3CEF23ED6C1E00CB27F1 /* Products */;
			projectDirPath = "";
			projectRoot = "";
			targets = (
				9A7D3CED23ED6C1E00CB27F1 /* ELS-Scanner */,
				9A7D3D0623ED6C1E00CB27F1 /* ELS-ScannerTests */,
				9A7D3D1123ED6C1E00CB27F1 /* ELS-ScannerUITests */,
			);
		};
/* End PBXProject section */

/* Begin PBXResourcesBuildPhase section */
		9A7D3CEC23ED6C1E00CB27F1 /* Resources */ = {
			isa = PBXResourcesBuildPhase;
			buildActionMask = 2147483647;
			files = (
				9A906A4E2553F2C900106DC2 /* impact.ttf in Resources */,
				9A7D3D0123ED6C1E00CB27F1 /* LaunchScreen.storyboard in Resources */,
				9A7D3CFE23ED6C1E00CB27F1 /* Assets.xcassets in Resources */,
				9A34303C255036EF00AF393C /* Futura.ttc in Resources */,
				9A1169CD23F2FCD900E447E4 /* Main.storyboard in Resources */,
			);
			runOnlyForDeploymentPostprocessing = 0;
		};
		9A7D3D0523ED6C1E00CB27F1 /* Resources */ = {
			isa = PBXResourcesBuildPhase;
			buildActionMask = 2147483647;
			files = (
				9A34303D255036EF00AF393C /* Futura.ttc in Resources */,
			);
			runOnlyForDeploymentPostprocessing = 0;
		};
		9A7D3D1023ED6C1E00CB27F1 /* Resources */ = {
			isa = PBXResourcesBuildPhase;
			buildActionMask = 2147483647;
			files = (
				9A34303E255036EF00AF393C /* Futura.ttc in Resources */,
			);
			runOnlyForDeploymentPostprocessing = 0;
		};
/* End PBXResourcesBuildPhase section */

/* Begin PBXSourcesBuildPhase section */
		9A7D3CEA23ED6C1E00CB27F1 /* Sources */ = {
			isa = PBXSourcesBuildPhase;
			buildActionMask = 2147483647;
			files = (
				9AA304FA240FC02E00408B25 /* ELS_ItemCell.swift in Sources */,
				9A09F18A254077BC003FB796 /* SignalStrengthIndicator.swift in Sources */,
				9A7D3CF623ED6C1E00CB27F1 /* ELS_Scanning_screen.swift in Sources */,
				9A7D3CFC23ED6C1E00CB27F1 /* ELS_Scanner.xcdatamodeld in Sources */,
				9A7D3CF223ED6C1E00CB27F1 /* AppDelegate.swift in Sources */,
				9A78E5EF2552B2FE004C0920 /* ELS_Mail_Screen.swift in Sources */,
				9A798454254C0AE500224DAC /* ELS_Device.swift in Sources */,
				9A7D3CF423ED6C1E00CB27F1 /* SceneDelegate.swift in Sources */,
			);
			runOnlyForDeploymentPostprocessing = 0;
		};
		9A7D3D0323ED6C1E00CB27F1 /* Sources */ = {
			isa = PBXSourcesBuildPhase;
			buildActionMask = 2147483647;
			files = (
				9A7D3D0C23ED6C1E00CB27F1 /* ELS_ScannerTests.swift in Sources */,
			);
			runOnlyForDeploymentPostprocessing = 0;
		};
		9A7D3D0E23ED6C1E00CB27F1 /* Sources */ = {
			isa = PBXSourcesBuildPhase;
			buildActionMask = 2147483647;
			files = (
				9A7D3D1723ED6C1E00CB27F1 /* ELS_ScannerUITests.swift in Sources */,
			);
			runOnlyForDeploymentPostprocessing = 0;
		};
/* End PBXSourcesBuildPhase section */

/* Begin PBXTargetDependency section */
		9A7D3D0923ED6C1E00CB27F1 /* PBXTargetDependency */ = {
			isa = PBXTargetDependency;
			target = 9A7D3CED23ED6C1E00CB27F1 /* ELS-Scanner */;
			targetProxy = 9A7D3D0823ED6C1E00CB27F1 /* PBXContainerItemProxy */;
		};
		9A7D3D1423ED6C1E00CB27F1 /* PBXTargetDependency */ = {
			isa = PBXTargetDependency;
			target = 9A7D3CED23ED6C1E00CB27F1 /* ELS-Scanner */;
			targetProxy = 9A7D3D1323ED6C1E00CB27F1 /* PBXContainerItemProxy */;
		};
/* End PBXTargetDependency section */

/* Begin PBXVariantGroup section */
		9A7D3CFF23ED6C1E00CB27F1 /* LaunchScreen.storyboard */ = {
			isa = PBXVariantGroup;
			children = (
				9A7D3D0023ED6C1E00CB27F1 /* Base */,
			);
			name = LaunchScreen.storyboard;
			sourceTree = "<group>";
		};
/* End PBXVariantGroup section */

/* Begin XCBuildConfiguration section */
		9A7D3D1923ED6C1E00CB27F1 /* Debug */ = {
			isa = XCBuildConfiguration;
			buildSettings = {
				ALWAYS_SEARCH_USER_PATHS = NO;
				CLANG_ANALYZER_NONNULL = YES;
				CLANG_ANALYZER_NUMBER_OBJECT_CONVERSION = YES_AGGRESSIVE;
				CLANG_CXX_LANGUAGE_STANDARD = "gnu++14";
				CLANG_CXX_LIBRARY = "libc++";
				CLANG_ENABLE_MODULES = YES;
				CLANG_ENABLE_OBJC_ARC = YES;
				CLANG_ENABLE_OBJC_WEAK = YES;
				CLANG_WARN_BLOCK_CAPTURE_AUTORELEASING = YES;
				CLANG_WARN_BOOL_CONVERSION = YES;
				CLANG_WARN_COMMA = YES;
				CLANG_WARN_CONSTANT_CONVERSION = YES;
				CLANG_WARN_DEPRECATED_OBJC_IMPLEMENTATIONS = YES;
				CLANG_WARN_DIRECT_OBJC_ISA_USAGE = YES_ERROR;
				CLANG_WARN_DOCUMENTATION_COMMENTS = YES;
				CLANG_WARN_EMPTY_BODY = YES;
				CLANG_WARN_ENUM_CONVERSION = YES;
				CLANG_WARN_INFINITE_RECURSION = YES;
				CLANG_WARN_INT_CONVERSION = YES;
				CLANG_WARN_NON_LITERAL_NULL_CONVERSION = YES;
				CLANG_WARN_OBJC_IMPLICIT_RETAIN_SELF = YES;
				CLANG_WARN_OBJC_LITERAL_CONVERSION = YES;
				CLANG_WARN_OBJC_ROOT_CLASS = YES_ERROR;
				CLANG_WARN_QUOTED_INCLUDE_IN_FRAMEWORK_HEADER = YES;
				CLANG_WARN_RANGE_LOOP_ANALYSIS = YES;
				CLANG_WARN_STRICT_PROTOTYPES = YES;
				CLANG_WARN_SUSPICIOUS_MOVE = YES;
				CLANG_WARN_UNGUARDED_AVAILABILITY = YES_AGGRESSIVE;
				CLANG_WARN_UNREACHABLE_CODE = YES;
				CLANG_WARN__DUPLICATE_METHOD_MATCH = YES;
				CODE_SIGN_IDENTITY = "Apple Development";
				CODE_SIGN_STYLE = Automatic;
				COPY_PHASE_STRIP = NO;
				CURRENT_PROJECT_VERSION = 1.0.0;
				DEBUG_INFORMATION_FORMAT = dwarf;
				DEVELOPMENT_TEAM = T82Y9UL669;
				ENABLE_STRICT_OBJC_MSGSEND = YES;
				ENABLE_TESTABILITY = YES;
				GCC_C_LANGUAGE_STANDARD = gnu11;
				GCC_DYNAMIC_NO_PIC = NO;
				GCC_NO_COMMON_BLOCKS = YES;
				GCC_OPTIMIZATION_LEVEL = 0;
				GCC_PREPROCESSOR_DEFINITIONS = (
					"DEBUG=1",
					"$(inherited)",
				);
				GCC_WARN_64_TO_32_BIT_CONVERSION = YES;
				GCC_WARN_ABOUT_RETURN_TYPE = YES_ERROR;
				GCC_WARN_UNDECLARED_SELECTOR = YES;
				GCC_WARN_UNINITIALIZED_AUTOS = YES_AGGRESSIVE;
				GCC_WARN_UNUSED_FUNCTION = YES;
				GCC_WARN_UNUSED_VARIABLE = YES;
				IPHONEOS_DEPLOYMENT_TARGET = 13.0;
				MTL_ENABLE_DEBUG_INFO = INCLUDE_SOURCE;
				MTL_FAST_MATH = YES;
				ONLY_ACTIVE_ARCH = YES;
				PROVISIONING_PROFILE_SPECIFIER = "";
				SDKROOT = iphoneos;
				SWIFT_ACTIVE_COMPILATION_CONDITIONS = DEBUG;
				SWIFT_OPTIMIZATION_LEVEL = "-Onone";
			};
			name = Debug;
		};
		9A7D3D1A23ED6C1E00CB27F1 /* Release */ = {
			isa = XCBuildConfiguration;
			buildSettings = {
				ALWAYS_SEARCH_USER_PATHS = NO;
				CLANG_ANALYZER_NONNULL = YES;
				CLANG_ANALYZER_NUMBER_OBJECT_CONVERSION = YES_AGGRESSIVE;
				CLANG_CXX_LANGUAGE_STANDARD = "gnu++14";
				CLANG_CXX_LIBRARY = "libc++";
				CLANG_ENABLE_MODULES = YES;
				CLANG_ENABLE_OBJC_ARC = YES;
				CLANG_ENABLE_OBJC_WEAK = YES;
				CLANG_WARN_BLOCK_CAPTURE_AUTORELEASING = YES;
				CLANG_WARN_BOOL_CONVERSION = YES;
				CLANG_WARN_COMMA = YES;
				CLANG_WARN_CONSTANT_CONVERSION = YES;
				CLANG_WARN_DEPRECATED_OBJC_IMPLEMENTATIONS = YES;
				CLANG_WARN_DIRECT_OBJC_ISA_USAGE = YES_ERROR;
				CLANG_WARN_DOCUMENTATION_COMMENTS = YES;
				CLANG_WARN_EMPTY_BODY = YES;
				CLANG_WARN_ENUM_CONVERSION = YES;
				CLANG_WARN_INFINITE_RECURSION = YES;
				CLANG_WARN_INT_CONVERSION = YES;
				CLANG_WARN_NON_LITERAL_NULL_CONVERSION = YES;
				CLANG_WARN_OBJC_IMPLICIT_RETAIN_SELF = YES;
				CLANG_WARN_OBJC_LITERAL_CONVERSION = YES;
				CLANG_WARN_OBJC_ROOT_CLASS = YES_ERROR;
				CLANG_WARN_QUOTED_INCLUDE_IN_FRAMEWORK_HEADER = YES;
				CLANG_WARN_RANGE_LOOP_ANALYSIS = YES;
				CLANG_WARN_STRICT_PROTOTYPES = YES;
				CLANG_WARN_SUSPICIOUS_MOVE = YES;
				CLANG_WARN_UNGUARDED_AVAILABILITY = YES_AGGRESSIVE;
				CLANG_WARN_UNREACHABLE_CODE = YES;
				CLANG_WARN__DUPLICATE_METHOD_MATCH = YES;
				CODE_SIGN_IDENTITY = "Apple Development";
				CODE_SIGN_STYLE = Automatic;
				COPY_PHASE_STRIP = NO;
				CURRENT_PROJECT_VERSION = 1.0.0;
				DEBUG_INFORMATION_FORMAT = "dwarf-with-dsym";
				DEVELOPMENT_TEAM = T82Y9UL669;
				ENABLE_NS_ASSERTIONS = NO;
				ENABLE_STRICT_OBJC_MSGSEND = YES;
				GCC_C_LANGUAGE_STANDARD = gnu11;
				GCC_NO_COMMON_BLOCKS = YES;
				GCC_WARN_64_TO_32_BIT_CONVERSION = YES;
				GCC_WARN_ABOUT_RETURN_TYPE = YES_ERROR;
				GCC_WARN_UNDECLARED_SELECTOR = YES;
				GCC_WARN_UNINITIALIZED_AUTOS = YES_AGGRESSIVE;
				GCC_WARN_UNUSED_FUNCTION = YES;
				GCC_WARN_UNUSED_VARIABLE = YES;
				IPHONEOS_DEPLOYMENT_TARGET = 13.0;
				MTL_ENABLE_DEBUG_INFO = NO;
				MTL_FAST_MATH = YES;
				PROVISIONING_PROFILE_SPECIFIER = "";
				SDKROOT = iphoneos;
				SWIFT_COMPILATION_MODE = wholemodule;
				SWIFT_OPTIMIZATION_LEVEL = "-O";
				VALIDATE_PRODUCT = YES;
			};
			name = Release;
		};
		9A7D3D1C23ED6C1E00CB27F1 /* Debug */ = {
			isa = XCBuildConfiguration;
			buildSettings = {
				ASSETCATALOG_COMPILER_APPICON_NAME = AppIcon;
				CODE_SIGN_ENTITLEMENTS = "ELS-Scanner/ELS-ScannerDebug.entitlements";
				CODE_SIGN_IDENTITY = "Apple Development";
				CODE_SIGN_STYLE = Automatic;
				CURRENT_PROJECT_VERSION = 1;
				DEVELOPMENT_TEAM = T82Y9UL669;
				INFOPLIST_FILE = "ELS-Scanner/Info.plist";
				LD_RUNPATH_SEARCH_PATHS = (
					"$(inherited)",
					"@executable_path/Frameworks",
				);
				MARKETING_VERSION = 1.0.7;
				PRODUCT_BUNDLE_IDENTIFIER = "de.mobileeasykey..ELS-Scanner-Baoli";
				PRODUCT_NAME = "$(TARGET_NAME)";
				PROVISIONING_PROFILE_SPECIFIER = "";
				SWIFT_VERSION = 5.0;
				TARGETED_DEVICE_FAMILY = "1,2";
			};
			name = Debug;
		};
		9A7D3D1D23ED6C1E00CB27F1 /* Release */ = {
			isa = XCBuildConfiguration;
			buildSettings = {
				ASSETCATALOG_COMPILER_APPICON_NAME = AppIcon;
				CODE_SIGN_ENTITLEMENTS = "ELS-Scanner/ELS-Scanner.entitlements";
				CODE_SIGN_IDENTITY = "Apple Development";
				CODE_SIGN_STYLE = Automatic;
				CURRENT_PROJECT_VERSION = 1;
				DEVELOPMENT_TEAM = T82Y9UL669;
				INFOPLIST_FILE = "ELS-Scanner/Info.plist";
				LD_RUNPATH_SEARCH_PATHS = (
					"$(inherited)",
					"@executable_path/Frameworks",
				);
				MARKETING_VERSION = 1.0.7;
				PRODUCT_BUNDLE_IDENTIFIER = "baoli.ELS-Scanner-Single";
				PRODUCT_NAME = "$(TARGET_NAME)";
				PROVISIONING_PROFILE_SPECIFIER = "";
				SWIFT_VERSION = 5.0;
				TARGETED_DEVICE_FAMILY = "1,2";
			};
			name = Release;
		};
		9A7D3D1F23ED6C1E00CB27F1 /* Debug */ = {
			isa = XCBuildConfiguration;
			buildSettings = {
				ALWAYS_EMBED_SWIFT_STANDARD_LIBRARIES = YES;
				BUNDLE_LOADER = "$(TEST_HOST)";
				"CODE_SIGN_IDENTITY[sdk=macosx*]" = "-";
				CODE_SIGN_STYLE = Automatic;
				DEVELOPMENT_TEAM = CH6A4V2282;
				INFOPLIST_FILE = "ELS-ScannerTests/Info.plist";
				IPHONEOS_DEPLOYMENT_TARGET = 13.2;
				LD_RUNPATH_SEARCH_PATHS = (
					"$(inherited)",
					"@executable_path/Frameworks",
					"@loader_path/Frameworks",
				);
				PRODUCT_BUNDLE_IDENTIFIER = "mek.ELS-ScannerTests";
				PRODUCT_NAME = "$(TARGET_NAME)";
				SWIFT_VERSION = 5.0;
				TARGETED_DEVICE_FAMILY = "1,2";
				TEST_HOST = "$(BUILT_PRODUCTS_DIR)/ELS-Scanner.app/ELS-Scanner";
			};
			name = Debug;
		};
		9A7D3D2023ED6C1E00CB27F1 /* Release */ = {
			isa = XCBuildConfiguration;
			buildSettings = {
				ALWAYS_EMBED_SWIFT_STANDARD_LIBRARIES = YES;
				BUNDLE_LOADER = "$(TEST_HOST)";
				"CODE_SIGN_IDENTITY[sdk=macosx*]" = "-";
				CODE_SIGN_STYLE = Automatic;
				DEVELOPMENT_TEAM = T82Y9UL669;
				INFOPLIST_FILE = "ELS-ScannerTests/Info.plist";
				IPHONEOS_DEPLOYMENT_TARGET = 13.2;
				LD_RUNPATH_SEARCH_PATHS = (
					"$(inherited)",
					"@executable_path/Frameworks",
					"@loader_path/Frameworks",
				);
				PRODUCT_BUNDLE_IDENTIFIER = "mek.ELS-ScannerTests";
				PRODUCT_NAME = "$(TARGET_NAME)";
				SWIFT_VERSION = 5.0;
				TARGETED_DEVICE_FAMILY = "1,2";
				TEST_HOST = "$(BUILT_PRODUCTS_DIR)/ELS-Scanner.app/ELS-Scanner";
			};
			name = Release;
		};
		9A7D3D2223ED6C1E00CB27F1 /* Debug */ = {
			isa = XCBuildConfiguration;
			buildSettings = {
				ALWAYS_EMBED_SWIFT_STANDARD_LIBRARIES = YES;
				"CODE_SIGN_IDENTITY[sdk=macosx*]" = "-";
				CODE_SIGN_STYLE = Automatic;
				DEVELOPMENT_TEAM = CH6A4V2282;
				INFOPLIST_FILE = "ELS-ScannerUITests/Info.plist";
				LD_RUNPATH_SEARCH_PATHS = (
					"$(inherited)",
					"@executable_path/Frameworks",
					"@loader_path/Frameworks",
				);
				PRODUCT_BUNDLE_IDENTIFIER = "mek.ELS-ScannerUITests";
				PRODUCT_NAME = "$(TARGET_NAME)";
				SWIFT_VERSION = 5.0;
				TARGETED_DEVICE_FAMILY = "1,2";
				TEST_TARGET_NAME = "ELS-Scanner";
			};
			name = Debug;
		};
		9A7D3D2323ED6C1E00CB27F1 /* Release */ = {
			isa = XCBuildConfiguration;
			buildSettings = {
				ALWAYS_EMBED_SWIFT_STANDARD_LIBRARIES = YES;
				"CODE_SIGN_IDENTITY[sdk=macosx*]" = "-";
				CODE_SIGN_STYLE = Automatic;
				DEVELOPMENT_TEAM = T82Y9UL669;
				INFOPLIST_FILE = "ELS-ScannerUITests/Info.plist";
				LD_RUNPATH_SEARCH_PATHS = (
					"$(inherited)",
					"@executable_path/Frameworks",
					"@loader_path/Frameworks",
				);
				PRODUCT_BUNDLE_IDENTIFIER = "mek.ELS-ScannerUITests";
				PRODUCT_NAME = "$(TARGET_NAME)";
				SWIFT_VERSION = 5.0;
				TARGETED_DEVICE_FAMILY = "1,2";
				TEST_TARGET_NAME = "ELS-Scanner";
			};
			name = Release;
		};
/* End XCBuildConfiguration section */

/* Begin XCConfigurationList section */
		9A7D3CE923ED6C1E00CB27F1 /* Build configuration list for PBXProject "ELS-Scanner_Baoli" */ = {
			isa = XCConfigurationList;
			buildConfigurations = (
				9A7D3D1923ED6C1E00CB27F1 /* Debug */,
				9A7D3D1A23ED6C1E00CB27F1 /* Release */,
			);
			defaultConfigurationIsVisible = 0;
			defaultConfigurationName = Debug;
		};
		9A7D3D1B23ED6C1E00CB27F1 /* Build configuration list for PBXNativeTarget "ELS-Scanner" */ = {
			isa = XCConfigurationList;
			buildConfigurations = (
				9A7D3D1C23ED6C1E00CB27F1 /* Debug */,
				9A7D3D1D23ED6C1E00CB27F1 /* Release */,
			);
			defaultConfigurationIsVisible = 0;
			defaultConfigurationName = Debug;
		};
		9A7D3D1E23ED6C1E00CB27F1 /* Build configuration list for PBXNativeTarget "ELS-ScannerTests" */ = {
			isa = XCConfigurationList;
			buildConfigurations = (
				9A7D3D1F23ED6C1E00CB27F1 /* Debug */,
				9A7D3D2023ED6C1E00CB27F1 /* Release */,
			);
			defaultConfigurationIsVisible = 0;
			defaultConfigurationName = Debug;
		};
		9A7D3D2123ED6C1E00CB27F1 /* Build configuration list for PBXNativeTarget "ELS-ScannerUITests" */ = {
			isa = XCConfigurationList;
			buildConfigurations = (
				9A7D3D2223ED6C1E00CB27F1 /* Debug */,
				9A7D3D2323ED6C1E00CB27F1 /* Release */,
			);
			defaultConfigurationIsVisible = 0;
			defaultConfigurationName = Debug;
		};
/* End XCConfigurationList section */

/* Begin XCVersionGroup section */
		9A7D3CFA23ED6C1E00CB27F1 /* ELS_Scanner.xcdatamodeld */ = {
			isa = XCVersionGroup;
			children = (
				9A7D3CFB23ED6C1E00CB27F1 /* ELS_Scanner.xcdatamodel */,
			);
			currentVersion = 9A7D3CFB23ED6C1E00CB27F1 /* ELS_Scanner.xcdatamodel */;
			path = ELS_Scanner.xcdatamodeld;
			sourceTree = "<group>";
			versionGroupType = wrapper.xcdatamodel;
		};
/* End XCVersionGroup section */
	};
	rootObject = 9A7D3CE623ED6C1E00CB27F1 /* Project object */;
}
